
Microsoft Visual Studio Solution File, Format Version 12.00
# Visual Studio Version 16
VisualStudioVersion = 16.0.31911.196
MinimumVisualStudioVersion = 10.0.40219.1
Project("{9A19103F-16F7-4668-BE54-9A1E7A4F7556}") = "SyncfusionServerLocalization", "SyncfusionServerLocalization.csproj", "{874006A1-8025-44B2-B024-FA7F3DAD22EB}"
EndProject
Global
	GlobalSection(SolutionConfigurationPlatforms) = preSolution
		Debug|Any CPU = Debug|Any CPU
		Release|Any CPU = Release|Any CPU
	EndGlobalSection
	GlobalSection(ProjectConfigurationPlatforms) = postSolution
		{874006A1-8025-44B2-B024-FA7F3DAD22EB}.Debug|Any CPU.ActiveCfg = Debug|Any CPU
		{874006A1-8025-44B2-B024-FA7F3DAD22EB}.Debug|Any CPU.Build.0 = Debug|Any CPU
		{874006A1-8025-44B2-B024-FA7F3DAD22EB}.Release|Any CPU.ActiveCfg = Release|Any CPU
		{874006A1-8025-44B2-B024-FA7F3DAD22EB}.Release|Any CPU.Build.0 = Release|Any CPU
	EndGlobalSection
	GlobalSection(SolutionProperties) = preSolution
		HideSolutionNode = FALSE
	EndGlobalSection
	GlobalSection(ExtensibilityGlobals) = postSolution
		SolutionGuid = {96BB9C6B-1D1B-4930-9F89-3FC5CD72C522}
	EndGlobalSection
EndGlobal
