
Microsoft Visual Studio Solution File, Format Version 12.00
# Visual Studio Version 17
VisualStudioVersion = 17.0.32112.339
MinimumVisualStudioVersion = 10.0.40219.1
Project("{FAE04EC0-301F-11D3-BF4B-00C04F79EFBC}") = "LocalizationServer", "LocalizationServer.csproj", "{45818072-D874-41BC-AAE1-5B1EEC0F2CAF}"
EndProject
Global
	GlobalSection(SolutionConfigurationPlatforms) = preSolution
		Debug|Any CPU = Debug|Any CPU
		Release|Any CPU = Release|Any CPU
	EndGlobalSection
	GlobalSection(ProjectConfigurationPlatforms) = postSolution
		{45818072-D874-41BC-AAE1-5B1EEC0F2CAF}.Debug|Any CPU.ActiveCfg = Debug|Any CPU
		{45818072-D874-41BC-AAE1-5B1EEC0F2CAF}.Debug|Any CPU.Build.0 = Debug|Any CPU
		{45818072-D874-41BC-AAE1-5B1EEC0F2CAF}.Release|Any CPU.ActiveCfg = Release|Any CPU
		{45818072-D874-41BC-AAE1-5B1EEC0F2CAF}.Release|Any CPU.Build.0 = Release|Any CPU
	EndGlobalSection
	GlobalSection(SolutionProperties) = preSolution
		HideSolutionNode = FALSE
	EndGlobalSection
	GlobalSection(ExtensibilityGlobals) = postSolution
		SolutionGuid = {D65634D4-A30A-4355-BCDB-7118ECAAEA98}
	EndGlobalSection
EndGlobal
